
Microsoft Visual Studio Solution File, Format Version 12.00
# Visual Studio Version 17
VisualStudioVersion = 17.0.31912.275
MinimumVisualStudioVersion = 10.0.40219.1
Project("{9A19103F-16F7-4668-BE54-9A1E7A4F7556}") = "Zadanie 1", "Zadanie 1\Zadanie 1.csproj", "{BC1E0BE0-47C5-4AF3-B15D-B32F6025D4B7}"
EndProject
Project("{2150E333-8FDC-42A3-9474-1A3956D46DE8}") = "Solution Items", "Solution Items", "{12056706-7F0B-4BDD-8CF0-EBB543B189FC}"
	ProjectSection(SolutionItems) = preProject
		.editorconfig = .editorconfig
	EndProjectSection
EndProject
Global
	GlobalSection(SolutionConfigurationPlatforms) = preSolution
		Debug|Any CPU = Debug|Any CPU
		Release|Any CPU = Release|Any CPU
	EndGlobalSection
	GlobalSection(ProjectConfigurationPlatforms) = postSolution
		{BC1E0BE0-47C5-4AF3-B15D-B32F6025D4B7}.Debug|Any CPU.ActiveCfg = Debug|Any CPU
		{BC1E0BE0-47C5-4AF3-B15D-B32F6025D4B7}.Debug|Any CPU.Build.0 = Debug|Any CPU
		{BC1E0BE0-47C5-4AF3-B15D-B32F6025D4B7}.Release|Any CPU.ActiveCfg = Release|Any CPU
		{BC1E0BE0-47C5-4AF3-B15D-B32F6025D4B7}.Release|Any CPU.Build.0 = Release|Any CPU
	EndGlobalSection
	GlobalSection(SolutionProperties) = preSolution
		HideSolutionNode = FALSE
	EndGlobalSection
	GlobalSection(ExtensibilityGlobals) = postSolution
		SolutionGuid = {9596665E-DF38-4CEC-97CC-0C37B2DBF0E2}
	EndGlobalSection
EndGlobal
